
Microsoft Visual Studio Solution File, Format Version 12.00
# Visual Studio Version 17
VisualStudioVersion = 17.6.33815.320
MinimumVisualStudioVersion = 10.0.40219.1
Project("{2150E333-8FDC-42A3-9474-1A3956D46DE8}") = "Build", "Build", "{851644E6-1E05-4BE7-882B-82583008C802}"
	ProjectSection(SolutionItems) = preProject
		..\..\.editorconfig = ..\..\.editorconfig
		..\.globalconfig = ..\.globalconfig
		..\CodeCoverage.runsettings = ..\CodeCoverage.runsettings
		..\Directory.Build.props = ..\Directory.Build.props
		..\Directory.Packages.props = ..\Directory.Packages.props
		..\..\NuGet.config = ..\..\NuGet.config
	EndProjectSection
EndProject
Project("{2150E333-8FDC-42A3-9474-1A3956D46DE8}") = "Lang", "Lang", "{9B3E231E-86D2-46E0-BA1C-9FDC23C8E8A9}"
	ProjectSection(SolutionItems) = preProject
		..\lang\Index.cs = ..\lang\Index.cs
		..\lang\IsExternalInit.cs = ..\lang\IsExternalInit.cs
		..\lang\NullableAttributes.cs = ..\lang\NullableAttributes.cs
		..\lang\Range.cs = ..\lang\Range.cs
	EndProjectSection
EndProject
Project("{9A19103F-16F7-4668-BE54-9A1E7A4F7556}") = "Ghostlogger", "Ghostlogger\Ghostlogger.csproj", "{7E899E3D-FA53-4DFF-9813-20A1AD23101E}"
EndProject
Project("{FAE04EC0-301F-11D3-BF4B-00C04F79EFBC}") = "Ghostlogger.Test", "Ghostlogger.Test\Ghostlogger.Test.csproj", "{0281262F-E1F9-4FAF-8CC4-93AAFB695C33}"
EndProject
Global
	GlobalSection(SolutionConfigurationPlatforms) = preSolution
		Debug|Any CPU = Debug|Any CPU
		Release|Any CPU = Release|Any CPU
	EndGlobalSection
	GlobalSection(ProjectConfigurationPlatforms) = postSolution
		{7E899E3D-FA53-4DFF-9813-20A1AD23101E}.Debug|Any CPU.ActiveCfg = Debug|Any CPU
		{7E899E3D-FA53-4DFF-9813-20A1AD23101E}.Debug|Any CPU.Build.0 = Debug|Any CPU
		{7E899E3D-FA53-4DFF-9813-20A1AD23101E}.Release|Any CPU.ActiveCfg = Release|Any CPU
		{7E899E3D-FA53-4DFF-9813-20A1AD23101E}.Release|Any CPU.Build.0 = Release|Any CPU
		{0281262F-E1F9-4FAF-8CC4-93AAFB695C33}.Debug|Any CPU.ActiveCfg = Debug|Any CPU
		{0281262F-E1F9-4FAF-8CC4-93AAFB695C33}.Debug|Any CPU.Build.0 = Debug|Any CPU
		{0281262F-E1F9-4FAF-8CC4-93AAFB695C33}.Release|Any CPU.ActiveCfg = Release|Any CPU
		{0281262F-E1F9-4FAF-8CC4-93AAFB695C33}.Release|Any CPU.Build.0 = Release|Any CPU
	EndGlobalSection
	GlobalSection(SolutionProperties) = preSolution
		HideSolutionNode = FALSE
	EndGlobalSection
	GlobalSection(ExtensibilityGlobals) = postSolution
		SolutionGuid = {37F2B903-37E7-42CE-AC8D-746B63D0A23A}
	EndGlobalSection
EndGlobal
