
Microsoft Visual Studio Solution File, Format Version 12.00
# Visual Studio Version 17
VisualStudioVersion = 17.6.33815.320
MinimumVisualStudioVersion = 10.0.40219.1
Project("{FAE04EC0-301F-11D3-BF4B-00C04F79EFBC}") = "Ghostlogger", "Ghostlogger\Ghostlogger.csproj", "{7E899E3D-FA53-4DFF-9813-20A1AD23101E}"
EndProject
Global
	GlobalSection(SolutionConfigurationPlatforms) = preSolution
		Debug|Any CPU = Debug|Any CPU
		Release|Any CPU = Release|Any CPU
	EndGlobalSection
	GlobalSection(ProjectConfigurationPlatforms) = postSolution
		{7E899E3D-FA53-4DFF-9813-20A1AD23101E}.Debug|Any CPU.ActiveCfg = Debug|Any CPU
		{7E899E3D-FA53-4DFF-9813-20A1AD23101E}.Debug|Any CPU.Build.0 = Debug|Any CPU
		{7E899E3D-FA53-4DFF-9813-20A1AD23101E}.Release|Any CPU.ActiveCfg = Release|Any CPU
		{7E899E3D-FA53-4DFF-9813-20A1AD23101E}.Release|Any CPU.Build.0 = Release|Any CPU
	EndGlobalSection
	GlobalSection(SolutionProperties) = preSolution
		HideSolutionNode = FALSE
	EndGlobalSection
	GlobalSection(ExtensibilityGlobals) = postSolution
		SolutionGuid = {37F2B903-37E7-42CE-AC8D-746B63D0A23A}
	EndGlobalSection
EndGlobal
